
Microsoft Visual Studio Solution File, Format Version 12.00
# Visual Studio Version 17
VisualStudioVersion = 17.2.32516.85
MinimumVisualStudioVersion = 10.0.40219.1
Project("{FAE04EC0-301F-11D3-BF4B-00C04F79EFBC}") = "CA220527", "CA220527.csproj", "{B3D4E176-E543-453E-AF9F-82F741726BD6}"
EndProject
Global
	GlobalSection(SolutionConfigurationPlatforms) = preSolution
		Debug|Any CPU = Debug|Any CPU
		Release|Any CPU = Release|Any CPU
	EndGlobalSection
	GlobalSection(ProjectConfigurationPlatforms) = postSolution
		{B3D4E176-E543-453E-AF9F-82F741726BD6}.Debug|Any CPU.ActiveCfg = Debug|Any CPU
		{B3D4E176-E543-453E-AF9F-82F741726BD6}.Debug|Any CPU.Build.0 = Debug|Any CPU
		{B3D4E176-E543-453E-AF9F-82F741726BD6}.Release|Any CPU.ActiveCfg = Release|Any CPU
		{B3D4E176-E543-453E-AF9F-82F741726BD6}.Release|Any CPU.Build.0 = Release|Any CPU
	EndGlobalSection
	GlobalSection(SolutionProperties) = preSolution
		HideSolutionNode = FALSE
	EndGlobalSection
	GlobalSection(ExtensibilityGlobals) = postSolution
		SolutionGuid = {F25B260D-BA2E-4BB8-9EC6-EDCC3133932A}
	EndGlobalSection
EndGlobal
